// !$*UTF8*$!
{
	archiveVersion = 1;
	classes = {
	};
	objectVersion = 77;
	objects = {

/* Begin PBXContainerItemProxy section */
		567254152E0D1AFD0078F2C8 /* PBXContainerItemProxy */ = {
			isa = PBXContainerItemProxy;
			containerPortal = 567253FC2E0D1AFB0078F2C8 /* Project object */;
			proxyType = 1;
			remoteGlobalIDString = 567254032E0D1AFB0078F2C8;
			remoteInfo = AzulHackerNews;
		};
		5672541F2E0D1AFD0078F2C8 /* PBXContainerItemProxy */ = {
			isa = PBXContainerItemProxy;
			containerPortal = 567253FC2E0D1AFB0078F2C8 /* Project object */;
			proxyType = 1;
			remoteGlobalIDString = 567254032E0D1AFB0078F2C8;
			remoteInfo = AzulHackerNews;
		};
/* End PBXContainerItemProxy section */

/* Begin PBXFileReference section */
		567254042E0D1AFB0078F2C8 /* AzulHackerNews.app */ = {isa = PBXFileReference; explicitFileType = wrapper.application; includeInIndex = 0; path = AzulHackerNews.app; sourceTree = BUILT_PRODUCTS_DIR; };
		567254142E0D1AFD0078F2C8 /* AzulHackerNewsTests.xctest */ = {isa = PBXFileReference; explicitFileType = wrapper.cfbundle; includeInIndex = 0; path = AzulHackerNewsTests.xctest; sourceTree = BUILT_PRODUCTS_DIR; };
		5672541E2E0D1AFD0078F2C8 /* AzulHackerNewsUITests.xctest */ = {isa = PBXFileReference; explicitFileType = wrapper.cfbundle; includeInIndex = 0; path = AzulHackerNewsUITests.xctest; sourceTree = BUILT_PRODUCTS_DIR; };
/* End PBXFileReference section */

/* Begin PBXFileSystemSynchronizedRootGroup section */
		567254062E0D1AFB0078F2C8 /* AzulHackerNews */ = {
			isa = PBXFileSystemSynchronizedRootGroup;
			path = AzulHackerNews;
			sourceTree = "<group>";
		};
		567254172E0D1AFD0078F2C8 /* AzulHackerNewsTests */ = {
			isa = PBXFileSystemSynchronizedRootGroup;
			path = AzulHackerNewsTests;
			sourceTree = "<group>";
		};
		567254212E0D1AFD0078F2C8 /* AzulHackerNewsUITests */ = {
			isa = PBXFileSystemSynchronizedRootGroup;
			path = AzulHackerNewsUITests;
			sourceTree = "<group>";
		};
/* End PBXFileSystemSynchronizedRootGroup section */

/* Begin PBXFrameworksBuildPhase section */
		567254012E0D1AFB0078F2C8 /* Frameworks */ = {
			isa = PBXFrameworksBuildPhase;
			buildActionMask = 2147483647;
			files = (
			);
			runOnlyForDeploymentPostprocessing = 0;
		};
		567254112E0D1AFD0078F2C8 /* Frameworks */ = {
			isa = PBXFrameworksBuildPhase;
			buildActionMask = 2147483647;
			files = (
			);
			runOnlyForDeploymentPostprocessing = 0;
		};
		5672541B2E0D1AFD0078F2C8 /* Frameworks */ = {
			isa = PBXFrameworksBuildPhase;
			buildActionMask = 2147483647;
			files = (
			);
			runOnlyForDeploymentPostprocessing = 0;
		};
/* End PBXFrameworksBuildPhase section */

/* Begin PBXGroup section */
		567253FB2E0D1AFB0078F2C8 = {
			isa = PBXGroup;
			children = (
				567254062E0D1AFB0078F2C8 /* AzulHackerNews */,
				567254172E0D1AFD0078F2C8 /* AzulHackerNewsTests */,
				567254212E0D1AFD0078F2C8 /* AzulHackerNewsUITests */,
				567254052E0D1AFB0078F2C8 /* Products */,
			);
			sourceTree = "<group>";
		};
		567254052E0D1AFB0078F2C8 /* Products */ = {
			isa = PBXGroup;
			children = (
				567254042E0D1AFB0078F2C8 /* AzulHackerNews.app */,
				567254142E0D1AFD0078F2C8 /* AzulHackerNewsTests.xctest */,
				5672541E2E0D1AFD0078F2C8 /* AzulHackerNewsUITests.xctest */,
			);
			name = Products;
			sourceTree = "<group>";
		};
/* End PBXGroup section */

/* Begin PBXNativeTarget section */
		567254032E0D1AFB0078F2C8 /* AzulHackerNews */ = {
			isa = PBXNativeTarget;
			buildConfigurationList = 567254282E0D1AFD0078F2C8 /* Build configuration list for PBXNativeTarget "AzulHackerNews" */;
			buildPhases = (
				567254002E0D1AFB0078F2C8 /* Sources */,
				567254012E0D1AFB0078F2C8 /* Frameworks */,
				567254022E0D1AFB0078F2C8 /* Resources */,
			);
			buildRules = (
			);
			dependencies = (
			);
			fileSystemSynchronizedGroups = (
				567254062E0D1AFB0078F2C8 /* AzulHackerNews */,
			);
			name = AzulHackerNews;
			packageProductDependencies = (
			);
			productName = AzulHackerNews;
			productReference = 567254042E0D1AFB0078F2C8 /* AzulHackerNews.app */;
			productType = "com.apple.product-type.application";
		};
		567254132E0D1AFD0078F2C8 /* AzulHackerNewsTests */ = {
			isa = PBXNativeTarget;
			buildConfigurationList = 5672542B2E0D1AFD0078F2C8 /* Build configuration list for PBXNativeTarget "AzulHackerNewsTests" */;
			buildPhases = (
				567254102E0D1AFD0078F2C8 /* Sources */,
				567254112E0D1AFD0078F2C8 /* Frameworks */,
				567254122E0D1AFD0078F2C8 /* Resources */,
			);
			buildRules = (
			);
			dependencies = (
				567254162E0D1AFD0078F2C8 /* PBXTargetDependency */,
			);
			fileSystemSynchronizedGroups = (
				567254172E0D1AFD0078F2C8 /* AzulHackerNewsTests */,
			);
			name = AzulHackerNewsTests;
			packageProductDependencies = (
			);
			productName = AzulHackerNewsTests;
			productReference = 567254142E0D1AFD0078F2C8 /* AzulHackerNewsTests.xctest */;
			productType = "com.apple.product-type.bundle.unit-test";
		};
		5672541D2E0D1AFD0078F2C8 /* AzulHackerNewsUITests */ = {
			isa = PBXNativeTarget;
			buildConfigurationList = 5672542E2E0D1AFD0078F2C8 /* Build configuration list for PBXNativeTarget "AzulHackerNewsUITests" */;
			buildPhases = (
				5672541A2E0D1AFD0078F2C8 /* Sources */,
				5672541B2E0D1AFD0078F2C8 /* Frameworks */,
				5672541C2E0D1AFD0078F2C8 /* Resources */,
			);
			buildRules = (
			);
			dependencies = (
				567254202E0D1AFD0078F2C8 /* PBXTargetDependency */,
			);
			fileSystemSynchronizedGroups = (
				567254212E0D1AFD0078F2C8 /* AzulHackerNewsUITests */,
			);
			name = AzulHackerNewsUITests;
			packageProductDependencies = (
			);
			productName = AzulHackerNewsUITests;
			productReference = 5672541E2E0D1AFD0078F2C8 /* AzulHackerNewsUITests.xctest */;
			productType = "com.apple.product-type.bundle.ui-testing";
		};
/* End PBXNativeTarget section */

/* Begin PBXProject section */
		567253FC2E0D1AFB0078F2C8 /* Project object */ = {
			isa = PBXProject;
			attributes = {
				BuildIndependentTargetsInParallel = 1;
				LastSwiftUpdateCheck = 1620;
				LastUpgradeCheck = 1620;
				TargetAttributes = {
					567254032E0D1AFB0078F2C8 = {
						CreatedOnToolsVersion = 16.2;
					};
					567254132E0D1AFD0078F2C8 = {
						CreatedOnToolsVersion = 16.2;
						TestTargetID = 567254032E0D1AFB0078F2C8;
					};
					5672541D2E0D1AFD0078F2C8 = {
						CreatedOnToolsVersion = 16.2;
						TestTargetID = 567254032E0D1AFB0078F2C8;
					};
				};
			};
			buildConfigurationList = 567253FF2E0D1AFB0078F2C8 /* Build configuration list for PBXProject "AzulHackerNews" */;
			developmentRegion = en;
			hasScannedForEncodings = 0;
			knownRegions = (
				en,
				Base,
			);
			mainGroup = 567253FB2E0D1AFB0078F2C8;
			minimizedProjectReferenceProxies = 1;
			preferredProjectObjectVersion = 77;
			productRefGroup = 567254052E0D1AFB0078F2C8 /* Products */;
			projectDirPath = "";
			projectRoot = "";
			targets = (
				567254032E0D1AFB0078F2C8 /* AzulHackerNews */,
				567254132E0D1AFD0078F2C8 /* AzulHackerNewsTests */,
				5672541D2E0D1AFD0078F2C8 /* AzulHackerNewsUITests */,
			);
		};
/* End PBXProject section */

/* Begin PBXResourcesBuildPhase section */
		567254022E0D1AFB0078F2C8 /* Resources */ = {
			isa = PBXResourcesBuildPhase;
			buildActionMask = 2147483647;
			files = (
			);
			runOnlyForDeploymentPostprocessing = 0;
		};
		567254122E0D1AFD0078F2C8 /* Resources */ = {
			isa = PBXResourcesBuildPhase;
			buildActionMask = 2147483647;
			files = (
			);
			runOnlyForDeploymentPostprocessing = 0;
		};
		5672541C2E0D1AFD0078F2C8 /* Resources */ = {
			isa = PBXResourcesBuildPhase;
			buildActionMask = 2147483647;
			files = (
			);
			runOnlyForDeploymentPostprocessing = 0;
		};
/* End PBXResourcesBuildPhase section */

/* Begin PBXSourcesBuildPhase section */
		567254002E0D1AFB0078F2C8 /* Sources */ = {
			isa = PBXSourcesBuildPhase;
			buildActionMask = 2147483647;
			files = (
			);
			runOnlyForDeploymentPostprocessing = 0;
		};
		567254102E0D1AFD0078F2C8 /* Sources */ = {
			isa = PBXSourcesBuildPhase;
			buildActionMask = 2147483647;
			files = (
			);
			runOnlyForDeploymentPostprocessing = 0;
		};
		5672541A2E0D1AFD0078F2C8 /* Sources */ = {
			isa = PBXSourcesBuildPhase;
			buildActionMask = 2147483647;
			files = (
			);
			runOnlyForDeploymentPostprocessing = 0;
		};
/* End PBXSourcesBuildPhase section */

/* Begin PBXTargetDependency section */
		567254162E0D1AFD0078F2C8 /* PBXTargetDependency */ = {
			isa = PBXTargetDependency;
			target = 567254032E0D1AFB0078F2C8 /* AzulHackerNews */;
			targetProxy = 567254152E0D1AFD0078F2C8 /* PBXContainerItemProxy */;
		};
		567254202E0D1AFD0078F2C8 /* PBXTargetDependency */ = {
			isa = PBXTargetDependency;
			target = 567254032E0D1AFB0078F2C8 /* AzulHackerNews */;
			targetProxy = 5672541F2E0D1AFD0078F2C8 /* PBXContainerItemProxy */;
		};
/* End PBXTargetDependency section */

/* Begin XCBuildConfiguration section */
		567254262E0D1AFD0078F2C8 /* Debug */ = {
			isa = XCBuildConfiguration;
			buildSettings = {
				ALWAYS_SEARCH_USER_PATHS = NO;
				ASSETCATALOG_COMPILER_GENERATE_SWIFT_ASSET_SYMBOL_EXTENSIONS = YES;
				CLANG_ANALYZER_NONNULL = YES;
				CLANG_ANALYZER_NUMBER_OBJECT_CONVERSION = YES_AGGRESSIVE;
				CLANG_CXX_LANGUAGE_STANDARD = "gnu++20";
				CLANG_ENABLE_MODULES = YES;
				CLANG_ENABLE_OBJC_ARC = YES;
				CLANG_ENABLE_OBJC_WEAK = YES;
				CLANG_WARN_BLOCK_CAPTURE_AUTORELEASING = YES;
				CLANG_WARN_BOOL_CONVERSION = YES;
				CLANG_WARN_COMMA = YES;
				CLANG_WARN_CONSTANT_CONVERSION = YES;
				CLANG_WARN_DEPRECATED_OBJC_IMPLEMENTATIONS = YES;
				CLANG_WARN_DIRECT_OBJC_ISA_USAGE = YES_ERROR;
				CLANG_WARN_DOCUMENTATION_COMMENTS = YES;
				CLANG_WARN_EMPTY_BODY = YES;
				CLANG_WARN_ENUM_CONVERSION = YES;
				CLANG_WARN_INFINITE_RECURSION = YES;
				CLANG_WARN_INT_CONVERSION = YES;
				CLANG_WARN_NON_LITERAL_NULL_CONVERSION = YES;
				CLANG_WARN_OBJC_IMPLICIT_RETAIN_SELF = YES;
				CLANG_WARN_OBJC_LITERAL_CONVERSION = YES;
				CLANG_WARN_OBJC_ROOT_CLASS = YES_ERROR;
				CLANG_WARN_QUOTED_INCLUDE_IN_FRAMEWORK_HEADER = YES;
				CLANG_WARN_RANGE_LOOP_ANALYSIS = YES;
				CLANG_WARN_STRICT_PROTOTYPES = YES;
				CLANG_WARN_SUSPICIOUS_MOVE = YES;
				CLANG_WARN_UNGUARDED_AVAILABILITY = YES_AGGRESSIVE;
				CLANG_WARN_UNREACHABLE_CODE = YES;
				CLANG_WARN__DUPLICATE_METHOD_MATCH = YES;
				COPY_PHASE_STRIP = NO;
				DEBUG_INFORMATION_FORMAT = dwarf;
				ENABLE_STRICT_OBJC_MSGSEND = YES;
				ENABLE_TESTABILITY = YES;
				ENABLE_USER_SCRIPT_SANDBOXING = YES;
				GCC_C_LANGUAGE_STANDARD = gnu17;
				GCC_DYNAMIC_NO_PIC = NO;
				GCC_NO_COMMON_BLOCKS = YES;
				GCC_OPTIMIZATION_LEVEL = 0;
				GCC_PREPROCESSOR_DEFINITIONS = (
					"DEBUG=1",
					"$(inherited)",
				);
				GCC_WARN_64_TO_32_BIT_CONVERSION = YES;
				GCC_WARN_ABOUT_RETURN_TYPE = YES_ERROR;
				GCC_WARN_UNDECLARED_SELECTOR = YES;
				GCC_WARN_UNINITIALIZED_AUTOS = YES_AGGRESSIVE;
				GCC_WARN_UNUSED_FUNCTION = YES;
				GCC_WARN_UNUSED_VARIABLE = YES;
				IPHONEOS_DEPLOYMENT_TARGET = 18.2;
				LOCALIZATION_PREFERS_STRING_CATALOGS = YES;
				MTL_ENABLE_DEBUG_INFO = INCLUDE_SOURCE;
				MTL_FAST_MATH = YES;
				ONLY_ACTIVE_ARCH = YES;
				SDKROOT = iphoneos;
				SWIFT_ACTIVE_COMPILATION_CONDITIONS = "DEBUG $(inherited)";
				SWIFT_OPTIMIZATION_LEVEL = "-Onone";
			};
			name = Debug;
		};
		567254272E0D1AFD0078F2C8 /* Release */ = {
			isa = XCBuildConfiguration;
			buildSettings = {
				ALWAYS_SEARCH_USER_PATHS = NO;
				ASSETCATALOG_COMPILER_GENERATE_SWIFT_ASSET_SYMBOL_EXTENSIONS = YES;
				CLANG_ANALYZER_NONNULL = YES;
				CLANG_ANALYZER_NUMBER_OBJECT_CONVERSION = YES_AGGRESSIVE;
				CLANG_CXX_LANGUAGE_STANDARD = "gnu++20";
				CLANG_ENABLE_MODULES = YES;
				CLANG_ENABLE_OBJC_ARC = YES;
				CLANG_ENABLE_OBJC_WEAK = YES;
				CLANG_WARN_BLOCK_CAPTURE_AUTORELEASING = YES;
				CLANG_WARN_BOOL_CONVERSION = YES;
				CLANG_WARN_COMMA = YES;
				CLANG_WARN_CONSTANT_CONVERSION = YES;
				CLANG_WARN_DEPRECATED_OBJC_IMPLEMENTATIONS = YES;
				CLANG_WARN_DIRECT_OBJC_ISA_USAGE = YES_ERROR;
				CLANG_WARN_DOCUMENTATION_COMMENTS = YES;
				CLANG_WARN_EMPTY_BODY = YES;
				CLANG_WARN_ENUM_CONVERSION = YES;
				CLANG_WARN_INFINITE_RECURSION = YES;
				CLANG_WARN_INT_CONVERSION = YES;
				CLANG_WARN_NON_LITERAL_NULL_CONVERSION = YES;
				CLANG_WARN_OBJC_IMPLICIT_RETAIN_SELF = YES;
				CLANG_WARN_OBJC_LITERAL_CONVERSION = YES;
				CLANG_WARN_OBJC_ROOT_CLASS = YES_ERROR;
				CLANG_WARN_QUOTED_INCLUDE_IN_FRAMEWORK_HEADER = YES;
				CLANG_WARN_RANGE_LOOP_ANALYSIS = YES;
				CLANG_WARN_STRICT_PROTOTYPES = YES;
				CLANG_WARN_SUSPICIOUS_MOVE = YES;
				CLANG_WARN_UNGUARDED_AVAILABILITY = YES_AGGRESSIVE;
				CLANG_WARN_UNREACHABLE_CODE = YES;
				CLANG_WARN__DUPLICATE_METHOD_MATCH = YES;
				COPY_PHASE_STRIP = NO;
				DEBUG_INFORMATION_FORMAT = "dwarf-with-dsym";
				ENABLE_NS_ASSERTIONS = NO;
				ENABLE_STRICT_OBJC_MSGSEND = YES;
				ENABLE_USER_SCRIPT_SANDBOXING = YES;
				GCC_C_LANGUAGE_STANDARD = gnu17;
				GCC_NO_COMMON_BLOCKS = YES;
				GCC_WARN_64_TO_32_BIT_CONVERSION = YES;
				GCC_WARN_ABOUT_RETURN_TYPE = YES_ERROR;
				GCC_WARN_UNDECLARED_SELECTOR = YES;
				GCC_WARN_UNINITIALIZED_AUTOS = YES_AGGRESSIVE;
				GCC_WARN_UNUSED_FUNCTION = YES;
				GCC_WARN_UNUSED_VARIABLE = YES;
				IPHONEOS_DEPLOYMENT_TARGET = 18.2;
				LOCALIZATION_PREFERS_STRING_CATALOGS = YES;
				MTL_ENABLE_DEBUG_INFO = NO;
				MTL_FAST_MATH = YES;
				SDKROOT = iphoneos;
				SWIFT_COMPILATION_MODE = wholemodule;
				VALIDATE_PRODUCT = YES;
			};
			name = Release;
		};
		567254292E0D1AFD0078F2C8 /* Debug */ = {
			isa = XCBuildConfiguration;
			buildSettings = {
				ASSETCATALOG_COMPILER_APPICON_NAME = AppIcon;
				ASSETCATALOG_COMPILER_GLOBAL_ACCENT_COLOR_NAME = AccentColor;
				CODE_SIGN_STYLE = Automatic;
				CURRENT_PROJECT_VERSION = 1;
				DEVELOPMENT_ASSET_PATHS = "\"AzulHackerNews/Preview Content\"";
				ENABLE_PREVIEWS = YES;
				GENERATE_INFOPLIST_FILE = YES;
				INFOPLIST_KEY_UIApplicationSceneManifest_Generation = YES;
				INFOPLIST_KEY_UIApplicationSupportsIndirectInputEvents = YES;
				INFOPLIST_KEY_UILaunchScreen_Generation = YES;
				INFOPLIST_KEY_UISupportedInterfaceOrientations_iPad = "UIInterfaceOrientationPortrait UIInterfaceOrientationPortraitUpsideDown UIInterfaceOrientationLandscapeLeft UIInterfaceOrientationLandscapeRight";
				INFOPLIST_KEY_UISupportedInterfaceOrientations_iPhone = "UIInterfaceOrientationPortrait UIInterfaceOrientationLandscapeLeft UIInterfaceOrientationLandscapeRight";
				LD_RUNPATH_SEARCH_PATHS = (
					"$(inherited)",
					"@executable_path/Frameworks",
				);
				MARKETING_VERSION = 1.0;
				PRODUCT_BUNDLE_IDENTIFIER = himanshu13ps.AzulHackerNews;
				PRODUCT_NAME = "$(TARGET_NAME)";
				SWIFT_EMIT_LOC_STRINGS = YES;
				SWIFT_VERSION = 5.0;
				TARGETED_DEVICE_FAMILY = "1,2";
			};
			name = Debug;
		};
		5672542A2E0D1AFD0078F2C8 /* Release */ = {
			isa = XCBuildConfiguration;
			buildSettings = {
				ASSETCATALOG_COMPILER_APPICON_NAME = AppIcon;
				ASSETCATALOG_COMPILER_GLOBAL_ACCENT_COLOR_NAME = AccentColor;
				CODE_SIGN_STYLE = Automatic;
				CURRENT_PROJECT_VERSION = 1;
				DEVELOPMENT_ASSET_PATHS = "\"AzulHackerNews/Preview Content\"";
				ENABLE_PREVIEWS = YES;
				GENERATE_INFOPLIST_FILE = YES;
				INFOPLIST_KEY_UIApplicationSceneManifest_Generation = YES;
				INFOPLIST_KEY_UIApplicationSupportsIndirectInputEvents = YES;
				INFOPLIST_KEY_UILaunchScreen_Generation = YES;
				INFOPLIST_KEY_UISupportedInterfaceOrientations_iPad = "UIInterfaceOrientationPortrait UIInterfaceOrientationPortraitUpsideDown UIInterfaceOrientationLandscapeLeft UIInterfaceOrientationLandscapeRight";
				INFOPLIST_KEY_UISupportedInterfaceOrientations_iPhone = "UIInterfaceOrientationPortrait UIInterfaceOrientationLandscapeLeft UIInterfaceOrientationLandscapeRight";
				LD_RUNPATH_SEARCH_PATHS = (
					"$(inherited)",
					"@executable_path/Frameworks",
				);
				MARKETING_VERSION = 1.0;
				PRODUCT_BUNDLE_IDENTIFIER = himanshu13ps.AzulHackerNews;
				PRODUCT_NAME = "$(TARGET_NAME)";
				SWIFT_EMIT_LOC_STRINGS = YES;
				SWIFT_VERSION = 5.0;
				TARGETED_DEVICE_FAMILY = "1,2";
			};
			name = Release;
		};
		5672542C2E0D1AFD0078F2C8 /* Debug */ = {
			isa = XCBuildConfiguration;
			buildSettings = {
				BUNDLE_LOADER = "$(TEST_HOST)";
				CODE_SIGN_STYLE = Automatic;
				CURRENT_PROJECT_VERSION = 1;
				GENERATE_INFOPLIST_FILE = YES;
				IPHONEOS_DEPLOYMENT_TARGET = 18.2;
				MARKETING_VERSION = 1.0;
				PRODUCT_BUNDLE_IDENTIFIER = himanshu13ps.AzulHackerNewsTests;
				PRODUCT_NAME = "$(TARGET_NAME)";
				SWIFT_EMIT_LOC_STRINGS = NO;
				SWIFT_VERSION = 5.0;
				TARGETED_DEVICE_FAMILY = "1,2";
				TEST_HOST = "$(BUILT_PRODUCTS_DIR)/AzulHackerNews.app/$(BUNDLE_EXECUTABLE_FOLDER_PATH)/AzulHackerNews";
			};
			name = Debug;
		};
		5672542D2E0D1AFD0078F2C8 /* Release */ = {
			isa = XCBuildConfiguration;
			buildSettings = {
				BUNDLE_LOADER = "$(TEST_HOST)";
				CODE_SIGN_STYLE = Automatic;
				CURRENT_PROJECT_VERSION = 1;
				GENERATE_INFOPLIST_FILE = YES;
				IPHONEOS_DEPLOYMENT_TARGET = 18.2;
				MARKETING_VERSION = 1.0;
				PRODUCT_BUNDLE_IDENTIFIER = himanshu13ps.AzulHackerNewsTests;
				PRODUCT_NAME = "$(TARGET_NAME)";
				SWIFT_EMIT_LOC_STRINGS = NO;
				SWIFT_VERSION = 5.0;
				TARGETED_DEVICE_FAMILY = "1,2";
				TEST_HOST = "$(BUILT_PRODUCTS_DIR)/AzulHackerNews.app/$(BUNDLE_EXECUTABLE_FOLDER_PATH)/AzulHackerNews";
			};
			name = Release;
		};
		5672542F2E0D1AFD0078F2C8 /* Debug */ = {
			isa = XCBuildConfiguration;
			buildSettings = {
				CODE_SIGN_STYLE = Automatic;
				CURRENT_PROJECT_VERSION = 1;
				GENERATE_INFOPLIST_FILE = YES;
				MARKETING_VERSION = 1.0;
				PRODUCT_BUNDLE_IDENTIFIER = himanshu13ps.AzulHackerNewsUITests;
				PRODUCT_NAME = "$(TARGET_NAME)";
				SWIFT_EMIT_LOC_STRINGS = NO;
				SWIFT_VERSION = 5.0;
				TARGETED_DEVICE_FAMILY = "1,2";
				TEST_TARGET_NAME = AzulHackerNews;
			};
			name = Debug;
		};
		567254302E0D1AFD0078F2C8 /* Release */ = {
			isa = XCBuildConfiguration;
			buildSettings = {
				CODE_SIGN_STYLE = Automatic;
				CURRENT_PROJECT_VERSION = 1;
				GENERATE_INFOPLIST_FILE = YES;
				MARKETING_VERSION = 1.0;
				PRODUCT_BUNDLE_IDENTIFIER = himanshu13ps.AzulHackerNewsUITests;
				PRODUCT_NAME = "$(TARGET_NAME)";
				SWIFT_EMIT_LOC_STRINGS = NO;
				SWIFT_VERSION = 5.0;
				TARGETED_DEVICE_FAMILY = "1,2";
				TEST_TARGET_NAME = AzulHackerNews;
			};
			name = Release;
		};
/* End XCBuildConfiguration section */

/* Begin XCConfigurationList section */
		567253FF2E0D1AFB0078F2C8 /* Build configuration list for PBXProject "AzulHackerNews" */ = {
			isa = XCConfigurationList;
			buildConfigurations = (
				567254262E0D1AFD0078F2C8 /* Debug */,
				567254272E0D1AFD0078F2C8 /* Release */,
			);
			defaultConfigurationIsVisible = 0;
			defaultConfigurationName = Release;
		};
		567254282E0D1AFD0078F2C8 /* Build configuration list for PBXNativeTarget "AzulHackerNews" */ = {
			isa = XCConfigurationList;
			buildConfigurations = (
				567254292E0D1AFD0078F2C8 /* Debug */,
				5672542A2E0D1AFD0078F2C8 /* Release */,
			);
			defaultConfigurationIsVisible = 0;
			defaultConfigurationName = Release;
		};
		5672542B2E0D1AFD0078F2C8 /* Build configuration list for PBXNativeTarget "AzulHackerNewsTests" */ = {
			isa = XCConfigurationList;
			buildConfigurations = (
				5672542C2E0D1AFD0078F2C8 /* Debug */,
				5672542D2E0D1AFD0078F2C8 /* Release */,
			);
			defaultConfigurationIsVisible = 0;
			defaultConfigurationName = Release;
		};
		5672542E2E0D1AFD0078F2C8 /* Build configuration list for PBXNativeTarget "AzulHackerNewsUITests" */ = {
			isa = XCConfigurationList;
			buildConfigurations = (
				5672542F2E0D1AFD0078F2C8 /* Debug */,
				567254302E0D1AFD0078F2C8 /* Release */,
			);
			defaultConfigurationIsVisible = 0;
			defaultConfigurationName = Release;
		};
/* End XCConfigurationList section */
	};
	rootObject = 567253FC2E0D1AFB0078F2C8 /* Project object */;
}
